
Microsoft Visual Studio Solution File, Format Version 12.00
# Visual Studio Version 17
VisualStudioVersion = 17.14.36429.23 d17.14
MinimumVisualStudioVersion = 10.0.40219.1
Project("{8BC9CEB8-8B4A-11D0-8D11-00A0C91BC942}") = "Ex1", "Ex1\Ex1.vcxproj", "{BCEDCE98-BEEE-48FE-9F4C-547AC847B893}"
EndProject
Project("{8BC9CEB8-8B4A-11D0-8D11-00A0C91BC942}") = "Ex2", "Ex2\Ex2.vcxproj", "{98E08025-B874-4E4A-865B-AB88C68F1B78}"
EndProject
Project("{8BC9CEB8-8B4A-11D0-8D11-00A0C91BC942}") = "Ex3", "Ex3\Ex3.vcxproj", "{C04DEDE9-B406-433A-A15A-D0CD3A871EAB}"
EndProject
Project("{8BC9CEB8-8B4A-11D0-8D11-00A0C91BC942}") = "Ex4", "Ex4\Ex4.vcxproj", "{6637865A-697B-4182-9BE0-25E00FEBB9B0}"
EndProject
Global
	GlobalSection(SolutionConfigurationPlatforms) = preSolution
		Debug|x64 = Debug|x64
		Debug|x86 = Debug|x86
		Release|x64 = Release|x64
		Release|x86 = Release|x86
	EndGlobalSection
	GlobalSection(ProjectConfigurationPlatforms) = postSolution
		{BCEDCE98-BEEE-48FE-9F4C-547AC847B893}.Debug|x64.ActiveCfg = Debug|x64
		{BCEDCE98-BEEE-48FE-9F4C-547AC847B893}.Debug|x64.Build.0 = Debug|x64
		{BCEDCE98-BEEE-48FE-9F4C-547AC847B893}.Debug|x86.ActiveCfg = Debug|Win32
		{BCEDCE98-BEEE-48FE-9F4C-547AC847B893}.Debug|x86.Build.0 = Debug|Win32
		{BCEDCE98-BEEE-48FE-9F4C-547AC847B893}.Release|x64.ActiveCfg = Release|x64
		{BCEDCE98-BEEE-48FE-9F4C-547AC847B893}.Release|x64.Build.0 = Release|x64
		{BCEDCE98-BEEE-48FE-9F4C-547AC847B893}.Release|x86.ActiveCfg = Release|Win32
		{BCEDCE98-BEEE-48FE-9F4C-547AC847B893}.Release|x86.Build.0 = Release|Win32
		{98E08025-B874-4E4A-865B-AB88C68F1B78}.Debug|x64.ActiveCfg = Debug|x64
		{98E08025-B874-4E4A-865B-AB88C68F1B78}.Debug|x64.Build.0 = Debug|x64
		{98E08025-B874-4E4A-865B-AB88C68F1B78}.Debug|x86.ActiveCfg = Debug|Win32
		{98E08025-B874-4E4A-865B-AB88C68F1B78}.Debug|x86.Build.0 = Debug|Win32
		{98E08025-B874-4E4A-865B-AB88C68F1B78}.Release|x64.ActiveCfg = Release|x64
		{98E08025-B874-4E4A-865B-AB88C68F1B78}.Release|x64.Build.0 = Release|x64
		{98E08025-B874-4E4A-865B-AB88C68F1B78}.Release|x86.ActiveCfg = Release|Win32
		{98E08025-B874-4E4A-865B-AB88C68F1B78}.Release|x86.Build.0 = Release|Win32
		{C04DEDE9-B406-433A-A15A-D0CD3A871EAB}.Debug|x64.ActiveCfg = Debug|x64
		{C04DEDE9-B406-433A-A15A-D0CD3A871EAB}.Debug|x64.Build.0 = Debug|x64
		{C04DEDE9-B406-433A-A15A-D0CD3A871EAB}.Debug|x86.ActiveCfg = Debug|Win32
		{C04DEDE9-B406-433A-A15A-D0CD3A871EAB}.Debug|x86.Build.0 = Debug|Win32
		{C04DEDE9-B406-433A-A15A-D0CD3A871EAB}.Release|x64.ActiveCfg = Release|x64
		{C04DEDE9-B406-433A-A15A-D0CD3A871EAB}.Release|x64.Build.0 = Release|x64
		{C04DEDE9-B406-433A-A15A-D0CD3A871EAB}.Release|x86.ActiveCfg = Release|Win32
		{C04DEDE9-B406-433A-A15A-D0CD3A871EAB}.Release|x86.Build.0 = Release|Win32
		{6637865A-697B-4182-9BE0-25E00FEBB9B0}.Debug|x64.ActiveCfg = Debug|x64
		{6637865A-697B-4182-9BE0-25E00FEBB9B0}.Debug|x64.Build.0 = Debug|x64
		{6637865A-697B-4182-9BE0-25E00FEBB9B0}.Debug|x86.ActiveCfg = Debug|Win32
		{6637865A-697B-4182-9BE0-25E00FEBB9B0}.Debug|x86.Build.0 = Debug|Win32
		{6637865A-697B-4182-9BE0-25E00FEBB9B0}.Release|x64.ActiveCfg = Release|x64
		{6637865A-697B-4182-9BE0-25E00FEBB9B0}.Release|x64.Build.0 = Release|x64
		{6637865A-697B-4182-9BE0-25E00FEBB9B0}.Release|x86.ActiveCfg = Release|Win32
		{6637865A-697B-4182-9BE0-25E00FEBB9B0}.Release|x86.Build.0 = Release|Win32
	EndGlobalSection
	GlobalSection(SolutionProperties) = preSolution
		HideSolutionNode = FALSE
	EndGlobalSection
	GlobalSection(ExtensibilityGlobals) = postSolution
		SolutionGuid = {F224F891-4EE4-4C2E-ADA0-EFAF6213463B}
	EndGlobalSection
EndGlobal
